// !$*UTF8*$!
{
	archiveVersion = 1;
	classes = {
	};
	objectVersion = 56;
	objects = {

/* Begin PBXBuildFile section */
		FCCA0C9F297B1DFE0049FCAB /* Challenge04OtavioApp.swift in Sources */ = {isa = PBXBuildFile; fileRef = FCCA0C9E297B1DFE0049FCAB /* Challenge04OtavioApp.swift */; };
		FCCA0CA1297B1DFE0049FCAB /* ContentView.swift in Sources */ = {isa = PBXBuildFile; fileRef = FCCA0CA0297B1DFE0049FCAB /* ContentView.swift */; };
		FCCA0CA3297B1DFF0049FCAB /* Assets.xcassets in Resources */ = {isa = PBXBuildFile; fileRef = FCCA0CA2297B1DFF0049FCAB /* Assets.xcassets */; };
		FCCA0CA6297B1DFF0049FCAB /* Preview Assets.xcassets in Resources */ = {isa = PBXBuildFile; fileRef = FCCA0CA5297B1DFF0049FCAB /* Preview Assets.xcassets */; };
		FCCA0CB1297B20540049FCAB /* BlueView.swift in Sources */ = {isa = PBXBuildFile; fileRef = FCCA0CB0297B20540049FCAB /* BlueView.swift */; };
		FCCA0CB3297B20600049FCAB /* RedView.swift in Sources */ = {isa = PBXBuildFile; fileRef = FCCA0CB2297B20600049FCAB /* RedView.swift */; };
		FCCA0CB5297B21DE0049FCAB /* GreenView.swift in Sources */ = {isa = PBXBuildFile; fileRef = FCCA0CB4297B21DE0049FCAB /* GreenView.swift */; };
		FCCA0CB7297B227B0049FCAB /* YellowView.swift in Sources */ = {isa = PBXBuildFile; fileRef = FCCA0CB6297B227B0049FCAB /* YellowView.swift */; };
		FCCA0CB9297B22BC0049FCAB /* GrayView.swift in Sources */ = {isa = PBXBuildFile; fileRef = FCCA0CB8297B22BC0049FCAB /* GrayView.swift */; };
		FCCA0CBB297B28D00049FCAB /* PickView.swift in Sources */ = {isa = PBXBuildFile; fileRef = FCCA0CBA297B28D00049FCAB /* PickView.swift */; };
/* End PBXBuildFile section */

/* Begin PBXFileReference section */
		FCCA0C9B297B1DFE0049FCAB /* Challenge04Otavio.app */ = {isa = PBXFileReference; explicitFileType = wrapper.application; includeInIndex = 0; path = Challenge04Otavio.app; sourceTree = BUILT_PRODUCTS_DIR; };
		FCCA0C9E297B1DFE0049FCAB /* Challenge04OtavioApp.swift */ = {isa = PBXFileReference; lastKnownFileType = sourcecode.swift; path = Challenge04OtavioApp.swift; sourceTree = "<group>"; };
		FCCA0CA0297B1DFE0049FCAB /* ContentView.swift */ = {isa = PBXFileReference; lastKnownFileType = sourcecode.swift; path = ContentView.swift; sourceTree = "<group>"; };
		FCCA0CA2297B1DFF0049FCAB /* Assets.xcassets */ = {isa = PBXFileReference; lastKnownFileType = folder.assetcatalog; path = Assets.xcassets; sourceTree = "<group>"; };
		FCCA0CA5297B1DFF0049FCAB /* Preview Assets.xcassets */ = {isa = PBXFileReference; lastKnownFileType = folder.assetcatalog; path = "Preview Assets.xcassets"; sourceTree = "<group>"; };
		FCCA0CB0297B20540049FCAB /* BlueView.swift */ = {isa = PBXFileReference; lastKnownFileType = sourcecode.swift; path = BlueView.swift; sourceTree = "<group>"; };
		FCCA0CB2297B20600049FCAB /* RedView.swift */ = {isa = PBXFileReference; lastKnownFileType = sourcecode.swift; path = RedView.swift; sourceTree = "<group>"; };
		FCCA0CB4297B21DE0049FCAB /* GreenView.swift */ = {isa = PBXFileReference; lastKnownFileType = sourcecode.swift; path = GreenView.swift; sourceTree = "<group>"; };
		FCCA0CB6297B227B0049FCAB /* YellowView.swift */ = {isa = PBXFileReference; lastKnownFileType = sourcecode.swift; path = YellowView.swift; sourceTree = "<group>"; };
		FCCA0CB8297B22BC0049FCAB /* GrayView.swift */ = {isa = PBXFileReference; lastKnownFileType = sourcecode.swift; path = GrayView.swift; sourceTree = "<group>"; };
		FCCA0CBA297B28D00049FCAB /* PickView.swift */ = {isa = PBXFileReference; lastKnownFileType = sourcecode.swift; path = PickView.swift; sourceTree = "<group>"; };
/* End PBXFileReference section */

/* Begin PBXFrameworksBuildPhase section */
		FCCA0C98297B1DFE0049FCAB /* Frameworks */ = {
			isa = PBXFrameworksBuildPhase;
			buildActionMask = 2147483647;
			files = (
			);
			runOnlyForDeploymentPostprocessing = 0;
		};
/* End PBXFrameworksBuildPhase section */

/* Begin PBXGroup section */
		FCCA0C92297B1DFE0049FCAB = {
			isa = PBXGroup;
			children = (
				FCCA0C9D297B1DFE0049FCAB /* Challenge04Otavio */,
				FCCA0C9C297B1DFE0049FCAB /* Products */,
			);
			sourceTree = "<group>";
		};
		FCCA0C9C297B1DFE0049FCAB /* Products */ = {
			isa = PBXGroup;
			children = (
				FCCA0C9B297B1DFE0049FCAB /* Challenge04Otavio.app */,
			);
			name = Products;
			sourceTree = "<group>";
		};
		FCCA0C9D297B1DFE0049FCAB /* Challenge04Otavio */ = {
			isa = PBXGroup;
			children = (
				FCCA0C9E297B1DFE0049FCAB /* Challenge04OtavioApp.swift */,
				FCCA0CA0297B1DFE0049FCAB /* ContentView.swift */,
				FCCA0CA2297B1DFF0049FCAB /* Assets.xcassets */,
				FCCA0CA4297B1DFF0049FCAB /* Preview Content */,
				FCCA0CB0297B20540049FCAB /* BlueView.swift */,
				FCCA0CB2297B20600049FCAB /* RedView.swift */,
				FCCA0CB4297B21DE0049FCAB /* GreenView.swift */,
				FCCA0CB6297B227B0049FCAB /* YellowView.swift */,
				FCCA0CB8297B22BC0049FCAB /* GrayView.swift */,
				FCCA0CBA297B28D00049FCAB /* PickView.swift */,
			);
			path = Challenge04Otavio;
			sourceTree = "<group>";
		};
		FCCA0CA4297B1DFF0049FCAB /* Preview Content */ = {
			isa = PBXGroup;
			children = (
				FCCA0CA5297B1DFF0049FCAB /* Preview Assets.xcassets */,
			);
			path = "Preview Content";
			sourceTree = "<group>";
		};
/* End PBXGroup section */

/* Begin PBXNativeTarget section */
		FCCA0C9A297B1DFE0049FCAB /* Challenge04Otavio */ = {
			isa = PBXNativeTarget;
			buildConfigurationList = FCCA0CA9297B1DFF0049FCAB /* Build configuration list for PBXNativeTarget "Challenge04Otavio" */;
			buildPhases = (
				FCCA0C97297B1DFE0049FCAB /* Sources */,
				FCCA0C98297B1DFE0049FCAB /* Frameworks */,
				FCCA0C99297B1DFE0049FCAB /* Resources */,
			);
			buildRules = (
			);
			dependencies = (
			);
			name = Challenge04Otavio;
			productName = Challenge04Otavio;
			productReference = FCCA0C9B297B1DFE0049FCAB /* Challenge04Otavio.app */;
			productType = "com.apple.product-type.application";
		};
/* End PBXNativeTarget section */

/* Begin PBXProject section */
		FCCA0C93297B1DFE0049FCAB /* Project object */ = {
			isa = PBXProject;
			attributes = {
				BuildIndependentTargetsInParallel = 1;
				LastSwiftUpdateCheck = 1420;
				LastUpgradeCheck = 1420;
				TargetAttributes = {
					FCCA0C9A297B1DFE0049FCAB = {
						CreatedOnToolsVersion = 14.2;
					};
				};
			};
			buildConfigurationList = FCCA0C96297B1DFE0049FCAB /* Build configuration list for PBXProject "Challenge04Otavio" */;
			compatibilityVersion = "Xcode 14.0";
			developmentRegion = en;
			hasScannedForEncodings = 0;
			knownRegions = (
				en,
				Base,
			);
			mainGroup = FCCA0C92297B1DFE0049FCAB;
			productRefGroup = FCCA0C9C297B1DFE0049FCAB /* Products */;
			projectDirPath = "";
			projectRoot = "";
			targets = (
				FCCA0C9A297B1DFE0049FCAB /* Challenge04Otavio */,
			);
		};
/* End PBXProject section */

/* Begin PBXResourcesBuildPhase section */
		FCCA0C99297B1DFE0049FCAB /* Resources */ = {
			isa = PBXResourcesBuildPhase;
			buildActionMask = 2147483647;
			files = (
				FCCA0CA6297B1DFF0049FCAB /* Preview Assets.xcassets in Resources */,
				FCCA0CA3297B1DFF0049FCAB /* Assets.xcassets in Resources */,
			);
			runOnlyForDeploymentPostprocessing = 0;
		};
/* End PBXResourcesBuildPhase section */

/* Begin PBXSourcesBuildPhase section */
		FCCA0C97297B1DFE0049FCAB /* Sources */ = {
			isa = PBXSourcesBuildPhase;
			buildActionMask = 2147483647;
			files = (
				FCCA0CB7297B227B0049FCAB /* YellowView.swift in Sources */,
				FCCA0CB9297B22BC0049FCAB /* GrayView.swift in Sources */,
				FCCA0CA1297B1DFE0049FCAB /* ContentView.swift in Sources */,
				FCCA0CBB297B28D00049FCAB /* PickView.swift in Sources */,
				FCCA0CB5297B21DE0049FCAB /* GreenView.swift in Sources */,
				FCCA0CB1297B20540049FCAB /* BlueView.swift in Sources */,
				FCCA0CB3297B20600049FCAB /* RedView.swift in Sources */,
				FCCA0C9F297B1DFE0049FCAB /* Challenge04OtavioApp.swift in Sources */,
			);
			runOnlyForDeploymentPostprocessing = 0;
		};
/* End PBXSourcesBuildPhase section */

/* Begin XCBuildConfiguration section */
		FCCA0CA7297B1DFF0049FCAB /* Debug */ = {
			isa = XCBuildConfiguration;
			buildSettings = {
				ALWAYS_SEARCH_USER_PATHS = NO;
				CLANG_ANALYZER_NONNULL = YES;
				CLANG_ANALYZER_NUMBER_OBJECT_CONVERSION = YES_AGGRESSIVE;
				CLANG_CXX_LANGUAGE_STANDARD = "gnu++20";
				CLANG_ENABLE_MODULES = YES;
				CLANG_ENABLE_OBJC_ARC = YES;
				CLANG_ENABLE_OBJC_WEAK = YES;
				CLANG_WARN_BLOCK_CAPTURE_AUTORELEASING = YES;
				CLANG_WARN_BOOL_CONVERSION = YES;
				CLANG_WARN_COMMA = YES;
				CLANG_WARN_CONSTANT_CONVERSION = YES;
				CLANG_WARN_DEPRECATED_OBJC_IMPLEMENTATIONS = YES;
				CLANG_WARN_DIRECT_OBJC_ISA_USAGE = YES_ERROR;
				CLANG_WARN_DOCUMENTATION_COMMENTS = YES;
				CLANG_WARN_EMPTY_BODY = YES;
				CLANG_WARN_ENUM_CONVERSION = YES;
				CLANG_WARN_INFINITE_RECURSION = YES;
				CLANG_WARN_INT_CONVERSION = YES;
				CLANG_WARN_NON_LITERAL_NULL_CONVERSION = YES;
				CLANG_WARN_OBJC_IMPLICIT_RETAIN_SELF = YES;
				CLANG_WARN_OBJC_LITERAL_CONVERSION = YES;
				CLANG_WARN_OBJC_ROOT_CLASS = YES_ERROR;
				CLANG_WARN_QUOTED_INCLUDE_IN_FRAMEWORK_HEADER = YES;
				CLANG_WARN_RANGE_LOOP_ANALYSIS = YES;
				CLANG_WARN_STRICT_PROTOTYPES = YES;
				CLANG_WARN_SUSPICIOUS_MOVE = YES;
				CLANG_WARN_UNGUARDED_AVAILABILITY = YES_AGGRESSIVE;
				CLANG_WARN_UNREACHABLE_CODE = YES;
				CLANG_WARN__DUPLICATE_METHOD_MATCH = YES;
				COPY_PHASE_STRIP = NO;
				DEBUG_INFORMATION_FORMAT = dwarf;
				ENABLE_STRICT_OBJC_MSGSEND = YES;
				ENABLE_TESTABILITY = YES;
				GCC_C_LANGUAGE_STANDARD = gnu11;
				GCC_DYNAMIC_NO_PIC = NO;
				GCC_NO_COMMON_BLOCKS = YES;
				GCC_OPTIMIZATION_LEVEL = 0;
				GCC_PREPROCESSOR_DEFINITIONS = (
					"DEBUG=1",
					"$(inherited)",
				);
				GCC_WARN_64_TO_32_BIT_CONVERSION = YES;
				GCC_WARN_ABOUT_RETURN_TYPE = YES_ERROR;
				GCC_WARN_UNDECLARED_SELECTOR = YES;
				GCC_WARN_UNINITIALIZED_AUTOS = YES_AGGRESSIVE;
				GCC_WARN_UNUSED_FUNCTION = YES;
				GCC_WARN_UNUSED_VARIABLE = YES;
				IPHONEOS_DEPLOYMENT_TARGET = 16.2;
				MTL_ENABLE_DEBUG_INFO = INCLUDE_SOURCE;
				MTL_FAST_MATH = YES;
				ONLY_ACTIVE_ARCH = YES;
				SDKROOT = iphoneos;
				SWIFT_ACTIVE_COMPILATION_CONDITIONS = DEBUG;
				SWIFT_OPTIMIZATION_LEVEL = "-Onone";
			};
			name = Debug;
		};
		FCCA0CA8297B1DFF0049FCAB /* Release */ = {
			isa = XCBuildConfiguration;
			buildSettings = {
				ALWAYS_SEARCH_USER_PATHS = NO;
				CLANG_ANALYZER_NONNULL = YES;
				CLANG_ANALYZER_NUMBER_OBJECT_CONVERSION = YES_AGGRESSIVE;
				CLANG_CXX_LANGUAGE_STANDARD = "gnu++20";
				CLANG_ENABLE_MODULES = YES;
				CLANG_ENABLE_OBJC_ARC = YES;
				CLANG_ENABLE_OBJC_WEAK = YES;
				CLANG_WARN_BLOCK_CAPTURE_AUTORELEASING = YES;
				CLANG_WARN_BOOL_CONVERSION = YES;
				CLANG_WARN_COMMA = YES;
				CLANG_WARN_CONSTANT_CONVERSION = YES;
				CLANG_WARN_DEPRECATED_OBJC_IMPLEMENTATIONS = YES;
				CLANG_WARN_DIRECT_OBJC_ISA_USAGE = YES_ERROR;
				CLANG_WARN_DOCUMENTATION_COMMENTS = YES;
				CLANG_WARN_EMPTY_BODY = YES;
				CLANG_WARN_ENUM_CONVERSION = YES;
				CLANG_WARN_INFINITE_RECURSION = YES;
				CLANG_WARN_INT_CONVERSION = YES;
				CLANG_WARN_NON_LITERAL_NULL_CONVERSION = YES;
				CLANG_WARN_OBJC_IMPLICIT_RETAIN_SELF = YES;
				CLANG_WARN_OBJC_LITERAL_CONVERSION = YES;
				CLANG_WARN_OBJC_ROOT_CLASS = YES_ERROR;
				CLANG_WARN_QUOTED_INCLUDE_IN_FRAMEWORK_HEADER = YES;
				CLANG_WARN_RANGE_LOOP_ANALYSIS = YES;
				CLANG_WARN_STRICT_PROTOTYPES = YES;
				CLANG_WARN_SUSPICIOUS_MOVE = YES;
				CLANG_WARN_UNGUARDED_AVAILABILITY = YES_AGGRESSIVE;
				CLANG_WARN_UNREACHABLE_CODE = YES;
				CLANG_WARN__DUPLICATE_METHOD_MATCH = YES;
				COPY_PHASE_STRIP = NO;
				DEBUG_INFORMATION_FORMAT = "dwarf-with-dsym";
				ENABLE_NS_ASSERTIONS = NO;
				ENABLE_STRICT_OBJC_MSGSEND = YES;
				GCC_C_LANGUAGE_STANDARD = gnu11;
				GCC_NO_COMMON_BLOCKS = YES;
				GCC_WARN_64_TO_32_BIT_CONVERSION = YES;
				GCC_WARN_ABOUT_RETURN_TYPE = YES_ERROR;
				GCC_WARN_UNDECLARED_SELECTOR = YES;
				GCC_WARN_UNINITIALIZED_AUTOS = YES_AGGRESSIVE;
				GCC_WARN_UNUSED_FUNCTION = YES;
				GCC_WARN_UNUSED_VARIABLE = YES;
				IPHONEOS_DEPLOYMENT_TARGET = 16.2;
				MTL_ENABLE_DEBUG_INFO = NO;
				MTL_FAST_MATH = YES;
				SDKROOT = iphoneos;
				SWIFT_COMPILATION_MODE = wholemodule;
				SWIFT_OPTIMIZATION_LEVEL = "-O";
				VALIDATE_PRODUCT = YES;
			};
			name = Release;
		};
		FCCA0CAA297B1DFF0049FCAB /* Debug */ = {
			isa = XCBuildConfiguration;
			buildSettings = {
				ASSETCATALOG_COMPILER_APPICON_NAME = AppIcon;
				ASSETCATALOG_COMPILER_GLOBAL_ACCENT_COLOR_NAME = AccentColor;
				CODE_SIGN_STYLE = Automatic;
				CURRENT_PROJECT_VERSION = 1;
				DEVELOPMENT_ASSET_PATHS = "\"Challenge04Otavio/Preview Content\"";
				ENABLE_PREVIEWS = YES;
				GENERATE_INFOPLIST_FILE = YES;
				INFOPLIST_KEY_UIApplicationSceneManifest_Generation = YES;
				INFOPLIST_KEY_UIApplicationSupportsIndirectInputEvents = YES;
				INFOPLIST_KEY_UILaunchScreen_Generation = YES;
				INFOPLIST_KEY_UISupportedInterfaceOrientations_iPad = "UIInterfaceOrientationPortrait UIInterfaceOrientationPortraitUpsideDown UIInterfaceOrientationLandscapeLeft UIInterfaceOrientationLandscapeRight";
				INFOPLIST_KEY_UISupportedInterfaceOrientations_iPhone = "UIInterfaceOrientationPortrait UIInterfaceOrientationLandscapeLeft UIInterfaceOrientationLandscapeRight";
				LD_RUNPATH_SEARCH_PATHS = (
					"$(inherited)",
					"@executable_path/Frameworks",
				);
				MARKETING_VERSION = 1.0;
				PRODUCT_BUNDLE_IDENTIFIER = com.br.otavio.hackatruck.Challenge04Otavio;
				PRODUCT_NAME = "$(TARGET_NAME)";
				SWIFT_EMIT_LOC_STRINGS = YES;
				SWIFT_VERSION = 5.0;
				TARGETED_DEVICE_FAMILY = "1,2";
			};
			name = Debug;
		};
		FCCA0CAB297B1DFF0049FCAB /* Release */ = {
			isa = XCBuildConfiguration;
			buildSettings = {
				ASSETCATALOG_COMPILER_APPICON_NAME = AppIcon;
				ASSETCATALOG_COMPILER_GLOBAL_ACCENT_COLOR_NAME = AccentColor;
				CODE_SIGN_STYLE = Automatic;
				CURRENT_PROJECT_VERSION = 1;
				DEVELOPMENT_ASSET_PATHS = "\"Challenge04Otavio/Preview Content\"";
				ENABLE_PREVIEWS = YES;
				GENERATE_INFOPLIST_FILE = YES;
				INFOPLIST_KEY_UIApplicationSceneManifest_Generation = YES;
				INFOPLIST_KEY_UIApplicationSupportsIndirectInputEvents = YES;
				INFOPLIST_KEY_UILaunchScreen_Generation = YES;
				INFOPLIST_KEY_UISupportedInterfaceOrientations_iPad = "UIInterfaceOrientationPortrait UIInterfaceOrientationPortraitUpsideDown UIInterfaceOrientationLandscapeLeft UIInterfaceOrientationLandscapeRight";
				INFOPLIST_KEY_UISupportedInterfaceOrientations_iPhone = "UIInterfaceOrientationPortrait UIInterfaceOrientationLandscapeLeft UIInterfaceOrientationLandscapeRight";
				LD_RUNPATH_SEARCH_PATHS = (
					"$(inherited)",
					"@executable_path/Frameworks",
				);
				MARKETING_VERSION = 1.0;
				PRODUCT_BUNDLE_IDENTIFIER = com.br.otavio.hackatruck.Challenge04Otavio;
				PRODUCT_NAME = "$(TARGET_NAME)";
				SWIFT_EMIT_LOC_STRINGS = YES;
				SWIFT_VERSION = 5.0;
				TARGETED_DEVICE_FAMILY = "1,2";
			};
			name = Release;
		};
/* End XCBuildConfiguration section */

/* Begin XCConfigurationList section */
		FCCA0C96297B1DFE0049FCAB /* Build configuration list for PBXProject "Challenge04Otavio" */ = {
			isa = XCConfigurationList;
			buildConfigurations = (
				FCCA0CA7297B1DFF0049FCAB /* Debug */,
				FCCA0CA8297B1DFF0049FCAB /* Release */,
			);
			defaultConfigurationIsVisible = 0;
			defaultConfigurationName = Release;
		};
		FCCA0CA9297B1DFF0049FCAB /* Build configuration list for PBXNativeTarget "Challenge04Otavio" */ = {
			isa = XCConfigurationList;
			buildConfigurations = (
				FCCA0CAA297B1DFF0049FCAB /* Debug */,
				FCCA0CAB297B1DFF0049FCAB /* Release */,
			);
			defaultConfigurationIsVisible = 0;
			defaultConfigurationName = Release;
		};
/* End XCConfigurationList section */
	};
	rootObject = FCCA0C93297B1DFE0049FCAB /* Project object */;
}
