// !$*UTF8*$!
{
	archiveVersion = 1;
	classes = {
	};
	objectVersion = 56;
	objects = {

/* Begin PBXBuildFile section */
		FC06E9C52984420200F3B4C3 /* Challenge08MapotavioApp.swift in Sources */ = {isa = PBXBuildFile; fileRef = FC06E9C42984420200F3B4C3 /* Challenge08MapotavioApp.swift */; };
		FC06E9C72984420200F3B4C3 /* ContentView.swift in Sources */ = {isa = PBXBuildFile; fileRef = FC06E9C62984420200F3B4C3 /* ContentView.swift */; };
		FC06E9C92984420300F3B4C3 /* Assets.xcassets in Resources */ = {isa = PBXBuildFile; fileRef = FC06E9C82984420300F3B4C3 /* Assets.xcassets */; };
		FC06E9CC2984420300F3B4C3 /* Preview Assets.xcassets in Resources */ = {isa = PBXBuildFile; fileRef = FC06E9CB2984420300F3B4C3 /* Preview Assets.xcassets */; };
		FC06E9D3298449D500F3B4C3 /* PalmasRegions.swift in Sources */ = {isa = PBXBuildFile; fileRef = FC06E9D2298449D500F3B4C3 /* PalmasRegions.swift */; };
		FC06E9D5298452C700F3B4C3 /* RegionView.swift in Sources */ = {isa = PBXBuildFile; fileRef = FC06E9D4298452C700F3B4C3 /* RegionView.swift */; };
/* End PBXBuildFile section */

/* Begin PBXFileReference section */
		FC06E9C12984420200F3B4C3 /* Challenge08Mapotavio.app */ = {isa = PBXFileReference; explicitFileType = wrapper.application; includeInIndex = 0; path = Challenge08Mapotavio.app; sourceTree = BUILT_PRODUCTS_DIR; };
		FC06E9C42984420200F3B4C3 /* Challenge08MapotavioApp.swift */ = {isa = PBXFileReference; lastKnownFileType = sourcecode.swift; path = Challenge08MapotavioApp.swift; sourceTree = "<group>"; };
		FC06E9C62984420200F3B4C3 /* ContentView.swift */ = {isa = PBXFileReference; lastKnownFileType = sourcecode.swift; path = ContentView.swift; sourceTree = "<group>"; };
		FC06E9C82984420300F3B4C3 /* Assets.xcassets */ = {isa = PBXFileReference; lastKnownFileType = folder.assetcatalog; path = Assets.xcassets; sourceTree = "<group>"; };
		FC06E9CB2984420300F3B4C3 /* Preview Assets.xcassets */ = {isa = PBXFileReference; lastKnownFileType = folder.assetcatalog; path = "Preview Assets.xcassets"; sourceTree = "<group>"; };
		FC06E9D2298449D500F3B4C3 /* PalmasRegions.swift */ = {isa = PBXFileReference; lastKnownFileType = sourcecode.swift; path = PalmasRegions.swift; sourceTree = "<group>"; };
		FC06E9D4298452C700F3B4C3 /* RegionView.swift */ = {isa = PBXFileReference; lastKnownFileType = sourcecode.swift; path = RegionView.swift; sourceTree = "<group>"; };
/* End PBXFileReference section */

/* Begin PBXFrameworksBuildPhase section */
		FC06E9BE2984420200F3B4C3 /* Frameworks */ = {
			isa = PBXFrameworksBuildPhase;
			buildActionMask = 2147483647;
			files = (
			);
			runOnlyForDeploymentPostprocessing = 0;
		};
/* End PBXFrameworksBuildPhase section */

/* Begin PBXGroup section */
		FC06E9B82984420200F3B4C3 = {
			isa = PBXGroup;
			children = (
				FC06E9C32984420200F3B4C3 /* Challenge08Mapotavio */,
				FC06E9C22984420200F3B4C3 /* Products */,
			);
			sourceTree = "<group>";
		};
		FC06E9C22984420200F3B4C3 /* Products */ = {
			isa = PBXGroup;
			children = (
				FC06E9C12984420200F3B4C3 /* Challenge08Mapotavio.app */,
			);
			name = Products;
			sourceTree = "<group>";
		};
		FC06E9C32984420200F3B4C3 /* Challenge08Mapotavio */ = {
			isa = PBXGroup;
			children = (
				FC06E9C42984420200F3B4C3 /* Challenge08MapotavioApp.swift */,
				FC06E9C62984420200F3B4C3 /* ContentView.swift */,
				FC06E9C82984420300F3B4C3 /* Assets.xcassets */,
				FC06E9CA2984420300F3B4C3 /* Preview Content */,
				FC06E9D2298449D500F3B4C3 /* PalmasRegions.swift */,
				FC06E9D4298452C700F3B4C3 /* RegionView.swift */,
			);
			path = Challenge08Mapotavio;
			sourceTree = "<group>";
		};
		FC06E9CA2984420300F3B4C3 /* Preview Content */ = {
			isa = PBXGroup;
			children = (
				FC06E9CB2984420300F3B4C3 /* Preview Assets.xcassets */,
			);
			path = "Preview Content";
			sourceTree = "<group>";
		};
/* End PBXGroup section */

/* Begin PBXNativeTarget section */
		FC06E9C02984420200F3B4C3 /* Challenge08Mapotavio */ = {
			isa = PBXNativeTarget;
			buildConfigurationList = FC06E9CF2984420300F3B4C3 /* Build configuration list for PBXNativeTarget "Challenge08Mapotavio" */;
			buildPhases = (
				FC06E9BD2984420200F3B4C3 /* Sources */,
				FC06E9BE2984420200F3B4C3 /* Frameworks */,
				FC06E9BF2984420200F3B4C3 /* Resources */,
			);
			buildRules = (
			);
			dependencies = (
			);
			name = Challenge08Mapotavio;
			productName = Challenge08Mapotavio;
			productReference = FC06E9C12984420200F3B4C3 /* Challenge08Mapotavio.app */;
			productType = "com.apple.product-type.application";
		};
/* End PBXNativeTarget section */

/* Begin PBXProject section */
		FC06E9B92984420200F3B4C3 /* Project object */ = {
			isa = PBXProject;
			attributes = {
				BuildIndependentTargetsInParallel = 1;
				LastSwiftUpdateCheck = 1420;
				LastUpgradeCheck = 1420;
				TargetAttributes = {
					FC06E9C02984420200F3B4C3 = {
						CreatedOnToolsVersion = 14.2;
					};
				};
			};
			buildConfigurationList = FC06E9BC2984420200F3B4C3 /* Build configuration list for PBXProject "Challenge08Mapotavio" */;
			compatibilityVersion = "Xcode 14.0";
			developmentRegion = en;
			hasScannedForEncodings = 0;
			knownRegions = (
				en,
				Base,
			);
			mainGroup = FC06E9B82984420200F3B4C3;
			productRefGroup = FC06E9C22984420200F3B4C3 /* Products */;
			projectDirPath = "";
			projectRoot = "";
			targets = (
				FC06E9C02984420200F3B4C3 /* Challenge08Mapotavio */,
			);
		};
/* End PBXProject section */

/* Begin PBXResourcesBuildPhase section */
		FC06E9BF2984420200F3B4C3 /* Resources */ = {
			isa = PBXResourcesBuildPhase;
			buildActionMask = 2147483647;
			files = (
				FC06E9CC2984420300F3B4C3 /* Preview Assets.xcassets in Resources */,
				FC06E9C92984420300F3B4C3 /* Assets.xcassets in Resources */,
			);
			runOnlyForDeploymentPostprocessing = 0;
		};
/* End PBXResourcesBuildPhase section */

/* Begin PBXSourcesBuildPhase section */
		FC06E9BD2984420200F3B4C3 /* Sources */ = {
			isa = PBXSourcesBuildPhase;
			buildActionMask = 2147483647;
			files = (
				FC06E9C72984420200F3B4C3 /* ContentView.swift in Sources */,
				FC06E9C52984420200F3B4C3 /* Challenge08MapotavioApp.swift in Sources */,
				FC06E9D5298452C700F3B4C3 /* RegionView.swift in Sources */,
				FC06E9D3298449D500F3B4C3 /* PalmasRegions.swift in Sources */,
			);
			runOnlyForDeploymentPostprocessing = 0;
		};
/* End PBXSourcesBuildPhase section */

/* Begin XCBuildConfiguration section */
		FC06E9CD2984420300F3B4C3 /* Debug */ = {
			isa = XCBuildConfiguration;
			buildSettings = {
				ALWAYS_SEARCH_USER_PATHS = NO;
				CLANG_ANALYZER_NONNULL = YES;
				CLANG_ANALYZER_NUMBER_OBJECT_CONVERSION = YES_AGGRESSIVE;
				CLANG_CXX_LANGUAGE_STANDARD = "gnu++20";
				CLANG_ENABLE_MODULES = YES;
				CLANG_ENABLE_OBJC_ARC = YES;
				CLANG_ENABLE_OBJC_WEAK = YES;
				CLANG_WARN_BLOCK_CAPTURE_AUTORELEASING = YES;
				CLANG_WARN_BOOL_CONVERSION = YES;
				CLANG_WARN_COMMA = YES;
				CLANG_WARN_CONSTANT_CONVERSION = YES;
				CLANG_WARN_DEPRECATED_OBJC_IMPLEMENTATIONS = YES;
				CLANG_WARN_DIRECT_OBJC_ISA_USAGE = YES_ERROR;
				CLANG_WARN_DOCUMENTATION_COMMENTS = YES;
				CLANG_WARN_EMPTY_BODY = YES;
				CLANG_WARN_ENUM_CONVERSION = YES;
				CLANG_WARN_INFINITE_RECURSION = YES;
				CLANG_WARN_INT_CONVERSION = YES;
				CLANG_WARN_NON_LITERAL_NULL_CONVERSION = YES;
				CLANG_WARN_OBJC_IMPLICIT_RETAIN_SELF = YES;
				CLANG_WARN_OBJC_LITERAL_CONVERSION = YES;
				CLANG_WARN_OBJC_ROOT_CLASS = YES_ERROR;
				CLANG_WARN_QUOTED_INCLUDE_IN_FRAMEWORK_HEADER = YES;
				CLANG_WARN_RANGE_LOOP_ANALYSIS = YES;
				CLANG_WARN_STRICT_PROTOTYPES = YES;
				CLANG_WARN_SUSPICIOUS_MOVE = YES;
				CLANG_WARN_UNGUARDED_AVAILABILITY = YES_AGGRESSIVE;
				CLANG_WARN_UNREACHABLE_CODE = YES;
				CLANG_WARN__DUPLICATE_METHOD_MATCH = YES;
				COPY_PHASE_STRIP = NO;
				DEBUG_INFORMATION_FORMAT = dwarf;
				ENABLE_STRICT_OBJC_MSGSEND = YES;
				ENABLE_TESTABILITY = YES;
				GCC_C_LANGUAGE_STANDARD = gnu11;
				GCC_DYNAMIC_NO_PIC = NO;
				GCC_NO_COMMON_BLOCKS = YES;
				GCC_OPTIMIZATION_LEVEL = 0;
				GCC_PREPROCESSOR_DEFINITIONS = (
					"DEBUG=1",
					"$(inherited)",
				);
				GCC_WARN_64_TO_32_BIT_CONVERSION = YES;
				GCC_WARN_ABOUT_RETURN_TYPE = YES_ERROR;
				GCC_WARN_UNDECLARED_SELECTOR = YES;
				GCC_WARN_UNINITIALIZED_AUTOS = YES_AGGRESSIVE;
				GCC_WARN_UNUSED_FUNCTION = YES;
				GCC_WARN_UNUSED_VARIABLE = YES;
				IPHONEOS_DEPLOYMENT_TARGET = 16.2;
				MTL_ENABLE_DEBUG_INFO = INCLUDE_SOURCE;
				MTL_FAST_MATH = YES;
				ONLY_ACTIVE_ARCH = YES;
				SDKROOT = iphoneos;
				SWIFT_ACTIVE_COMPILATION_CONDITIONS = DEBUG;
				SWIFT_OPTIMIZATION_LEVEL = "-Onone";
			};
			name = Debug;
		};
		FC06E9CE2984420300F3B4C3 /* Release */ = {
			isa = XCBuildConfiguration;
			buildSettings = {
				ALWAYS_SEARCH_USER_PATHS = NO;
				CLANG_ANALYZER_NONNULL = YES;
				CLANG_ANALYZER_NUMBER_OBJECT_CONVERSION = YES_AGGRESSIVE;
				CLANG_CXX_LANGUAGE_STANDARD = "gnu++20";
				CLANG_ENABLE_MODULES = YES;
				CLANG_ENABLE_OBJC_ARC = YES;
				CLANG_ENABLE_OBJC_WEAK = YES;
				CLANG_WARN_BLOCK_CAPTURE_AUTORELEASING = YES;
				CLANG_WARN_BOOL_CONVERSION = YES;
				CLANG_WARN_COMMA = YES;
				CLANG_WARN_CONSTANT_CONVERSION = YES;
				CLANG_WARN_DEPRECATED_OBJC_IMPLEMENTATIONS = YES;
				CLANG_WARN_DIRECT_OBJC_ISA_USAGE = YES_ERROR;
				CLANG_WARN_DOCUMENTATION_COMMENTS = YES;
				CLANG_WARN_EMPTY_BODY = YES;
				CLANG_WARN_ENUM_CONVERSION = YES;
				CLANG_WARN_INFINITE_RECURSION = YES;
				CLANG_WARN_INT_CONVERSION = YES;
				CLANG_WARN_NON_LITERAL_NULL_CONVERSION = YES;
				CLANG_WARN_OBJC_IMPLICIT_RETAIN_SELF = YES;
				CLANG_WARN_OBJC_LITERAL_CONVERSION = YES;
				CLANG_WARN_OBJC_ROOT_CLASS = YES_ERROR;
				CLANG_WARN_QUOTED_INCLUDE_IN_FRAMEWORK_HEADER = YES;
				CLANG_WARN_RANGE_LOOP_ANALYSIS = YES;
				CLANG_WARN_STRICT_PROTOTYPES = YES;
				CLANG_WARN_SUSPICIOUS_MOVE = YES;
				CLANG_WARN_UNGUARDED_AVAILABILITY = YES_AGGRESSIVE;
				CLANG_WARN_UNREACHABLE_CODE = YES;
				CLANG_WARN__DUPLICATE_METHOD_MATCH = YES;
				COPY_PHASE_STRIP = NO;
				DEBUG_INFORMATION_FORMAT = "dwarf-with-dsym";
				ENABLE_NS_ASSERTIONS = NO;
				ENABLE_STRICT_OBJC_MSGSEND = YES;
				GCC_C_LANGUAGE_STANDARD = gnu11;
				GCC_NO_COMMON_BLOCKS = YES;
				GCC_WARN_64_TO_32_BIT_CONVERSION = YES;
				GCC_WARN_ABOUT_RETURN_TYPE = YES_ERROR;
				GCC_WARN_UNDECLARED_SELECTOR = YES;
				GCC_WARN_UNINITIALIZED_AUTOS = YES_AGGRESSIVE;
				GCC_WARN_UNUSED_FUNCTION = YES;
				GCC_WARN_UNUSED_VARIABLE = YES;
				IPHONEOS_DEPLOYMENT_TARGET = 16.2;
				MTL_ENABLE_DEBUG_INFO = NO;
				MTL_FAST_MATH = YES;
				SDKROOT = iphoneos;
				SWIFT_COMPILATION_MODE = wholemodule;
				SWIFT_OPTIMIZATION_LEVEL = "-O";
				VALIDATE_PRODUCT = YES;
			};
			name = Release;
		};
		FC06E9D02984420300F3B4C3 /* Debug */ = {
			isa = XCBuildConfiguration;
			buildSettings = {
				ASSETCATALOG_COMPILER_APPICON_NAME = AppIcon;
				ASSETCATALOG_COMPILER_GLOBAL_ACCENT_COLOR_NAME = AccentColor;
				CODE_SIGN_STYLE = Automatic;
				CURRENT_PROJECT_VERSION = 1;
				DEVELOPMENT_ASSET_PATHS = "\"Challenge08Mapotavio/Preview Content\"";
				ENABLE_PREVIEWS = YES;
				GENERATE_INFOPLIST_FILE = YES;
				INFOPLIST_KEY_UIApplicationSceneManifest_Generation = YES;
				INFOPLIST_KEY_UIApplicationSupportsIndirectInputEvents = YES;
				INFOPLIST_KEY_UILaunchScreen_Generation = YES;
				INFOPLIST_KEY_UISupportedInterfaceOrientations_iPad = "UIInterfaceOrientationPortrait UIInterfaceOrientationPortraitUpsideDown UIInterfaceOrientationLandscapeLeft UIInterfaceOrientationLandscapeRight";
				INFOPLIST_KEY_UISupportedInterfaceOrientations_iPhone = "UIInterfaceOrientationPortrait UIInterfaceOrientationLandscapeLeft UIInterfaceOrientationLandscapeRight";
				LD_RUNPATH_SEARCH_PATHS = (
					"$(inherited)",
					"@executable_path/Frameworks",
				);
				MARKETING_VERSION = 1.0;
				PRODUCT_BUNDLE_IDENTIFIER = com.br.otavio.Challenge08Mapotavio;
				PRODUCT_NAME = "$(TARGET_NAME)";
				SWIFT_EMIT_LOC_STRINGS = YES;
				SWIFT_VERSION = 5.0;
				TARGETED_DEVICE_FAMILY = "1,2";
			};
			name = Debug;
		};
		FC06E9D12984420300F3B4C3 /* Release */ = {
			isa = XCBuildConfiguration;
			buildSettings = {
				ASSETCATALOG_COMPILER_APPICON_NAME = AppIcon;
				ASSETCATALOG_COMPILER_GLOBAL_ACCENT_COLOR_NAME = AccentColor;
				CODE_SIGN_STYLE = Automatic;
				CURRENT_PROJECT_VERSION = 1;
				DEVELOPMENT_ASSET_PATHS = "\"Challenge08Mapotavio/Preview Content\"";
				ENABLE_PREVIEWS = YES;
				GENERATE_INFOPLIST_FILE = YES;
				INFOPLIST_KEY_UIApplicationSceneManifest_Generation = YES;
				INFOPLIST_KEY_UIApplicationSupportsIndirectInputEvents = YES;
				INFOPLIST_KEY_UILaunchScreen_Generation = YES;
				INFOPLIST_KEY_UISupportedInterfaceOrientations_iPad = "UIInterfaceOrientationPortrait UIInterfaceOrientationPortraitUpsideDown UIInterfaceOrientationLandscapeLeft UIInterfaceOrientationLandscapeRight";
				INFOPLIST_KEY_UISupportedInterfaceOrientations_iPhone = "UIInterfaceOrientationPortrait UIInterfaceOrientationLandscapeLeft UIInterfaceOrientationLandscapeRight";
				LD_RUNPATH_SEARCH_PATHS = (
					"$(inherited)",
					"@executable_path/Frameworks",
				);
				MARKETING_VERSION = 1.0;
				PRODUCT_BUNDLE_IDENTIFIER = com.br.otavio.Challenge08Mapotavio;
				PRODUCT_NAME = "$(TARGET_NAME)";
				SWIFT_EMIT_LOC_STRINGS = YES;
				SWIFT_VERSION = 5.0;
				TARGETED_DEVICE_FAMILY = "1,2";
			};
			name = Release;
		};
/* End XCBuildConfiguration section */

/* Begin XCConfigurationList section */
		FC06E9BC2984420200F3B4C3 /* Build configuration list for PBXProject "Challenge08Mapotavio" */ = {
			isa = XCConfigurationList;
			buildConfigurations = (
				FC06E9CD2984420300F3B4C3 /* Debug */,
				FC06E9CE2984420300F3B4C3 /* Release */,
			);
			defaultConfigurationIsVisible = 0;
			defaultConfigurationName = Release;
		};
		FC06E9CF2984420300F3B4C3 /* Build configuration list for PBXNativeTarget "Challenge08Mapotavio" */ = {
			isa = XCConfigurationList;
			buildConfigurations = (
				FC06E9D02984420300F3B4C3 /* Debug */,
				FC06E9D12984420300F3B4C3 /* Release */,
			);
			defaultConfigurationIsVisible = 0;
			defaultConfigurationName = Release;
		};
/* End XCConfigurationList section */
	};
	rootObject = FC06E9B92984420200F3B4C3 /* Project object */;
}
